
Microsoft Visual Studio Solution File, Format Version 12.00
# Visual Studio 15
VisualStudioVersion = 15.0.26430.15
MinimumVisualStudioVersion = 10.0.40219.1
Project("{FAE04EC0-301F-11D3-BF4B-00C04F79EFBC}") = "MovieWebAPI", "MovieWebAPI\MovieWebAPI.csproj", "{3423E37F-A795-4193-9A88-AB6B0CC1DFB5}"
EndProject
Project("{FAE04EC0-301F-11D3-BF4B-00C04F79EFBC}") = "MovieWebAPI.Tests", "MovieWebAPI.Tests\MovieWebAPI.Tests.csproj", "{728E3770-AE59-492F-AA7A-4BA3C708F2F3}"
EndProject
Project("{FAE04EC0-301F-11D3-BF4B-00C04F79EFBC}") = "Domain", "Domain\Domain.csproj", "{208BB87B-0898-4886-AF66-8C153913910A}"
EndProject
Project("{FAE04EC0-301F-11D3-BF4B-00C04F79EFBC}") = "DAL", "DAL\DAL.csproj", "{6B3F4C48-B228-4B28-8E53-E56B4DDBF7D9}"
EndProject
Project("{FAE04EC0-301F-11D3-BF4B-00C04F79EFBC}") = "BLL", "BLL\BLL.csproj", "{C95C3C05-771F-433F-A81E-4811039790EF}"
EndProject
Project("{FAE04EC0-301F-11D3-BF4B-00C04F79EFBC}") = "MovieAppClient", "MovieAppClient\MovieAppClient.csproj", "{2AF5F19A-8462-468C-BC24-0F1956B23EC4}"
EndProject
Global
	GlobalSection(SolutionConfigurationPlatforms) = preSolution
		Debug|Any CPU = Debug|Any CPU
		Debug|ARM = Debug|ARM
		Debug|x64 = Debug|x64
		Debug|x86 = Debug|x86
		Release|Any CPU = Release|Any CPU
		Release|ARM = Release|ARM
		Release|x64 = Release|x64
		Release|x86 = Release|x86
	EndGlobalSection
	GlobalSection(ProjectConfigurationPlatforms) = postSolution
		{3423E37F-A795-4193-9A88-AB6B0CC1DFB5}.Debug|Any CPU.ActiveCfg = Debug|Any CPU
		{3423E37F-A795-4193-9A88-AB6B0CC1DFB5}.Debug|Any CPU.Build.0 = Debug|Any CPU
		{3423E37F-A795-4193-9A88-AB6B0CC1DFB5}.Debug|ARM.ActiveCfg = Debug|Any CPU
		{3423E37F-A795-4193-9A88-AB6B0CC1DFB5}.Debug|ARM.Build.0 = Debug|Any CPU
		{3423E37F-A795-4193-9A88-AB6B0CC1DFB5}.Debug|x64.ActiveCfg = Debug|Any CPU
		{3423E37F-A795-4193-9A88-AB6B0CC1DFB5}.Debug|x64.Build.0 = Debug|Any CPU
		{3423E37F-A795-4193-9A88-AB6B0CC1DFB5}.Debug|x86.ActiveCfg = Debug|Any CPU
		{3423E37F-A795-4193-9A88-AB6B0CC1DFB5}.Debug|x86.Build.0 = Debug|Any CPU
		{3423E37F-A795-4193-9A88-AB6B0CC1DFB5}.Release|Any CPU.ActiveCfg = Release|Any CPU
		{3423E37F-A795-4193-9A88-AB6B0CC1DFB5}.Release|Any CPU.Build.0 = Release|Any CPU
		{3423E37F-A795-4193-9A88-AB6B0CC1DFB5}.Release|ARM.ActiveCfg = Release|Any CPU
		{3423E37F-A795-4193-9A88-AB6B0CC1DFB5}.Release|ARM.Build.0 = Release|Any CPU
		{3423E37F-A795-4193-9A88-AB6B0CC1DFB5}.Release|x64.ActiveCfg = Release|Any CPU
		{3423E37F-A795-4193-9A88-AB6B0CC1DFB5}.Release|x64.Build.0 = Release|Any CPU
		{3423E37F-A795-4193-9A88-AB6B0CC1DFB5}.Release|x86.ActiveCfg = Release|Any CPU
		{3423E37F-A795-4193-9A88-AB6B0CC1DFB5}.Release|x86.Build.0 = Release|Any CPU
		{728E3770-AE59-492F-AA7A-4BA3C708F2F3}.Debug|Any CPU.ActiveCfg = Debug|Any CPU
		{728E3770-AE59-492F-AA7A-4BA3C708F2F3}.Debug|Any CPU.Build.0 = Debug|Any CPU
		{728E3770-AE59-492F-AA7A-4BA3C708F2F3}.Debug|ARM.ActiveCfg = Debug|Any CPU
		{728E3770-AE59-492F-AA7A-4BA3C708F2F3}.Debug|ARM.Build.0 = Debug|Any CPU
		{728E3770-AE59-492F-AA7A-4BA3C708F2F3}.Debug|x64.ActiveCfg = Debug|Any CPU
		{728E3770-AE59-492F-AA7A-4BA3C708F2F3}.Debug|x64.Build.0 = Debug|Any CPU
		{728E3770-AE59-492F-AA7A-4BA3C708F2F3}.Debug|x86.ActiveCfg = Debug|Any CPU
		{728E3770-AE59-492F-AA7A-4BA3C708F2F3}.Debug|x86.Build.0 = Debug|Any CPU
		{728E3770-AE59-492F-AA7A-4BA3C708F2F3}.Release|Any CPU.ActiveCfg = Release|Any CPU
		{728E3770-AE59-492F-AA7A-4BA3C708F2F3}.Release|Any CPU.Build.0 = Release|Any CPU
		{728E3770-AE59-492F-AA7A-4BA3C708F2F3}.Release|ARM.ActiveCfg = Release|Any CPU
		{728E3770-AE59-492F-AA7A-4BA3C708F2F3}.Release|ARM.Build.0 = Release|Any CPU
		{728E3770-AE59-492F-AA7A-4BA3C708F2F3}.Release|x64.ActiveCfg = Release|Any CPU
		{728E3770-AE59-492F-AA7A-4BA3C708F2F3}.Release|x64.Build.0 = Release|Any CPU
		{728E3770-AE59-492F-AA7A-4BA3C708F2F3}.Release|x86.ActiveCfg = Release|Any CPU
		{728E3770-AE59-492F-AA7A-4BA3C708F2F3}.Release|x86.Build.0 = Release|Any CPU
		{208BB87B-0898-4886-AF66-8C153913910A}.Debug|Any CPU.ActiveCfg = Debug|Any CPU
		{208BB87B-0898-4886-AF66-8C153913910A}.Debug|Any CPU.Build.0 = Debug|Any CPU
		{208BB87B-0898-4886-AF66-8C153913910A}.Debug|ARM.ActiveCfg = Debug|Any CPU
		{208BB87B-0898-4886-AF66-8C153913910A}.Debug|ARM.Build.0 = Debug|Any CPU
		{208BB87B-0898-4886-AF66-8C153913910A}.Debug|x64.ActiveCfg = Debug|Any CPU
		{208BB87B-0898-4886-AF66-8C153913910A}.Debug|x64.Build.0 = Debug|Any CPU
		{208BB87B-0898-4886-AF66-8C153913910A}.Debug|x86.ActiveCfg = Debug|Any CPU
		{208BB87B-0898-4886-AF66-8C153913910A}.Debug|x86.Build.0 = Debug|Any CPU
		{208BB87B-0898-4886-AF66-8C153913910A}.Release|Any CPU.ActiveCfg = Release|Any CPU
		{208BB87B-0898-4886-AF66-8C153913910A}.Release|Any CPU.Build.0 = Release|Any CPU
		{208BB87B-0898-4886-AF66-8C153913910A}.Release|ARM.ActiveCfg = Release|Any CPU
		{208BB87B-0898-4886-AF66-8C153913910A}.Release|ARM.Build.0 = Release|Any CPU
		{208BB87B-0898-4886-AF66-8C153913910A}.Release|x64.ActiveCfg = Release|Any CPU
		{208BB87B-0898-4886-AF66-8C153913910A}.Release|x64.Build.0 = Release|Any CPU
		{208BB87B-0898-4886-AF66-8C153913910A}.Release|x86.ActiveCfg = Release|Any CPU
		{208BB87B-0898-4886-AF66-8C153913910A}.Release|x86.Build.0 = Release|Any CPU
		{6B3F4C48-B228-4B28-8E53-E56B4DDBF7D9}.Debug|Any CPU.ActiveCfg = Debug|Any CPU
		{6B3F4C48-B228-4B28-8E53-E56B4DDBF7D9}.Debug|Any CPU.Build.0 = Debug|Any CPU
		{6B3F4C48-B228-4B28-8E53-E56B4DDBF7D9}.Debug|ARM.ActiveCfg = Debug|Any CPU
		{6B3F4C48-B228-4B28-8E53-E56B4DDBF7D9}.Debug|ARM.Build.0 = Debug|Any CPU
		{6B3F4C48-B228-4B28-8E53-E56B4DDBF7D9}.Debug|x64.ActiveCfg = Debug|Any CPU
		{6B3F4C48-B228-4B28-8E53-E56B4DDBF7D9}.Debug|x64.Build.0 = Debug|Any CPU
		{6B3F4C48-B228-4B28-8E53-E56B4DDBF7D9}.Debug|x86.ActiveCfg = Debug|Any CPU
		{6B3F4C48-B228-4B28-8E53-E56B4DDBF7D9}.Debug|x86.Build.0 = Debug|Any CPU
		{6B3F4C48-B228-4B28-8E53-E56B4DDBF7D9}.Release|Any CPU.ActiveCfg = Release|Any CPU
		{6B3F4C48-B228-4B28-8E53-E56B4DDBF7D9}.Release|Any CPU.Build.0 = Release|Any CPU
		{6B3F4C48-B228-4B28-8E53-E56B4DDBF7D9}.Release|ARM.ActiveCfg = Release|Any CPU
		{6B3F4C48-B228-4B28-8E53-E56B4DDBF7D9}.Release|ARM.Build.0 = Release|Any CPU
		{6B3F4C48-B228-4B28-8E53-E56B4DDBF7D9}.Release|x64.ActiveCfg = Release|Any CPU
		{6B3F4C48-B228-4B28-8E53-E56B4DDBF7D9}.Release|x64.Build.0 = Release|Any CPU
		{6B3F4C48-B228-4B28-8E53-E56B4DDBF7D9}.Release|x86.ActiveCfg = Release|Any CPU
		{6B3F4C48-B228-4B28-8E53-E56B4DDBF7D9}.Release|x86.Build.0 = Release|Any CPU
		{C95C3C05-771F-433F-A81E-4811039790EF}.Debug|Any CPU.ActiveCfg = Debug|Any CPU
		{C95C3C05-771F-433F-A81E-4811039790EF}.Debug|Any CPU.Build.0 = Debug|Any CPU
		{C95C3C05-771F-433F-A81E-4811039790EF}.Debug|ARM.ActiveCfg = Debug|Any CPU
		{C95C3C05-771F-433F-A81E-4811039790EF}.Debug|ARM.Build.0 = Debug|Any CPU
		{C95C3C05-771F-433F-A81E-4811039790EF}.Debug|x64.ActiveCfg = Debug|Any CPU
		{C95C3C05-771F-433F-A81E-4811039790EF}.Debug|x64.Build.0 = Debug|Any CPU
		{C95C3C05-771F-433F-A81E-4811039790EF}.Debug|x86.ActiveCfg = Debug|Any CPU
		{C95C3C05-771F-433F-A81E-4811039790EF}.Debug|x86.Build.0 = Debug|Any CPU
		{C95C3C05-771F-433F-A81E-4811039790EF}.Release|Any CPU.ActiveCfg = Release|Any CPU
		{C95C3C05-771F-433F-A81E-4811039790EF}.Release|Any CPU.Build.0 = Release|Any CPU
		{C95C3C05-771F-433F-A81E-4811039790EF}.Release|ARM.ActiveCfg = Release|Any CPU
		{C95C3C05-771F-433F-A81E-4811039790EF}.Release|ARM.Build.0 = Release|Any CPU
		{C95C3C05-771F-433F-A81E-4811039790EF}.Release|x64.ActiveCfg = Release|Any CPU
		{C95C3C05-771F-433F-A81E-4811039790EF}.Release|x64.Build.0 = Release|Any CPU
		{C95C3C05-771F-433F-A81E-4811039790EF}.Release|x86.ActiveCfg = Release|Any CPU
		{C95C3C05-771F-433F-A81E-4811039790EF}.Release|x86.Build.0 = Release|Any CPU
		{2AF5F19A-8462-468C-BC24-0F1956B23EC4}.Debug|Any CPU.ActiveCfg = Debug|Any CPU
		{2AF5F19A-8462-468C-BC24-0F1956B23EC4}.Debug|Any CPU.Build.0 = Debug|Any CPU
		{2AF5F19A-8462-468C-BC24-0F1956B23EC4}.Debug|ARM.ActiveCfg = Debug|Any CPU
		{2AF5F19A-8462-468C-BC24-0F1956B23EC4}.Debug|ARM.Build.0 = Debug|Any CPU
		{2AF5F19A-8462-468C-BC24-0F1956B23EC4}.Debug|x64.ActiveCfg = Debug|Any CPU
		{2AF5F19A-8462-468C-BC24-0F1956B23EC4}.Debug|x64.Build.0 = Debug|Any CPU
		{2AF5F19A-8462-468C-BC24-0F1956B23EC4}.Debug|x86.ActiveCfg = Debug|Any CPU
		{2AF5F19A-8462-468C-BC24-0F1956B23EC4}.Debug|x86.Build.0 = Debug|Any CPU
		{2AF5F19A-8462-468C-BC24-0F1956B23EC4}.Release|Any CPU.ActiveCfg = Release|Any CPU
		{2AF5F19A-8462-468C-BC24-0F1956B23EC4}.Release|Any CPU.Build.0 = Release|Any CPU
		{2AF5F19A-8462-468C-BC24-0F1956B23EC4}.Release|ARM.ActiveCfg = Release|Any CPU
		{2AF5F19A-8462-468C-BC24-0F1956B23EC4}.Release|ARM.Build.0 = Release|Any CPU
		{2AF5F19A-8462-468C-BC24-0F1956B23EC4}.Release|x64.ActiveCfg = Release|Any CPU
		{2AF5F19A-8462-468C-BC24-0F1956B23EC4}.Release|x64.Build.0 = Release|Any CPU
		{2AF5F19A-8462-468C-BC24-0F1956B23EC4}.Release|x86.ActiveCfg = Release|Any CPU
		{2AF5F19A-8462-468C-BC24-0F1956B23EC4}.Release|x86.Build.0 = Release|Any CPU
	EndGlobalSection
	GlobalSection(SolutionProperties) = preSolution
		HideSolutionNode = FALSE
	EndGlobalSection
EndGlobal
